{
  "version": 4,
  "terraform_version": "0.12.18",
  "serial": 4,
  "lineage": "8370e2c6-3155-008e-9b73-b4d39f99054b",
  "outputs": {
    "eip_id": {
      "value": "eipalloc-0a934cd710aa76452",
      "type": "string"
    },
    "eip_name": {
      "value": "elastic",
      "type": "string"
    }
  },
  "resources": [
    {
      "module": "module.aws_eip",
      "mode": "managed",
      "type": "aws_eip",
      "name": "eip",
      "provider": "module.aws_eip.provider.aws",
      "instances": [
        {
          "schema_version": 0,
          "attributes": {
            "allocation_id": null,
            "associate_with_private_ip": null,
            "association_id": "eipassoc-06a2cd3fdd0607f7f",
            "domain": "vpc",
            "id": "eipalloc-0a934cd710aa76452",
            "instance": "i-044d87fb19c1aea3f",
            "network_interface": "eni-029b29876a6487196",
            "private_dns": "ip-172-31-0-78.us-east-2.compute.internal",
            "private_ip": "172.31.0.78",
            "public_dns": "ec2-3-134-179-113.us-east-2.compute.amazonaws.com",
            "public_ip": "3.134.179.113",
            "public_ipv4_pool": "amazon",
            "tags": {
              "Name": "elastic"
            },
            "timeouts": null,
            "vpc": true
          },
          "private": "eyJlMmJmYjczMC1lY2FhLTExZTYtOGY4OC0zNDM2M2JjN2M0YzAiOnsiZGVsZXRlIjoxODAwMDAwMDAwMDAsInJlYWQiOjkwMDAwMDAwMDAwMCwidXBkYXRlIjozMDAwMDAwMDAwMDB9fQ=="
        }
      ]
    }
  ]
}
